
Microsoft Visual Studio Solution File, Format Version 12.00
# Visual Studio Version 16
VisualStudioVersion = 16.0.29806.167
MinimumVisualStudioVersion = 10.0.40219.1
Project("{FAE04EC0-301F-11D3-BF4B-00C04F79EFBC}") = "datingsimverz1", "datingsimverz1.csproj", "{890522B7-06CD-43DB-B2E4-9D03B90DF189}"
EndProject
Project("{2150E333-8FDC-42A3-9474-1A3956D46DE8}") = "Solution Items", "Solution Items", "{6683F323-37D8-4BA6-93CA-8A3DA60A6651}"
	ProjectSection(SolutionItems) = preProject
		simLogic.cs = simLogic.cs
	EndProjectSection
EndProject
Global
	GlobalSection(SolutionConfigurationPlatforms) = preSolution
		Debug|Any CPU = Debug|Any CPU
		Release|Any CPU = Release|Any CPU
	EndGlobalSection
	GlobalSection(ProjectConfigurationPlatforms) = postSolution
		{890522B7-06CD-43DB-B2E4-9D03B90DF189}.Debug|Any CPU.ActiveCfg = Debug|Any CPU
		{890522B7-06CD-43DB-B2E4-9D03B90DF189}.Debug|Any CPU.Build.0 = Debug|Any CPU
		{890522B7-06CD-43DB-B2E4-9D03B90DF189}.Release|Any CPU.ActiveCfg = Release|Any CPU
		{890522B7-06CD-43DB-B2E4-9D03B90DF189}.Release|Any CPU.Build.0 = Release|Any CPU
	EndGlobalSection
	GlobalSection(SolutionProperties) = preSolution
		HideSolutionNode = FALSE
	EndGlobalSection
	GlobalSection(ExtensibilityGlobals) = postSolution
		SolutionGuid = {59969350-36DF-40AF-A509-E7115E76238E}
	EndGlobalSection
EndGlobal
